
Microsoft Visual Studio Solution File, Format Version 12.00
# Visual Studio 15
VisualStudioVersion = 15.0.27130.2027
MinimumVisualStudioVersion = 10.0.40219.1
Project("{FAE04EC0-301F-11D3-BF4B-00C04F79EFBC}") = "RestModule1", "RestModule1\RestModule1.csproj", "{28EAB524-9143-4D51-942E-A29E09A7C633}"
EndProject
Global
	GlobalSection(SolutionConfigurationPlatforms) = preSolution
		Debug|Any CPU = Debug|Any CPU
		Release|Any CPU = Release|Any CPU
	EndGlobalSection
	GlobalSection(ProjectConfigurationPlatforms) = postSolution
		{28EAB524-9143-4D51-942E-A29E09A7C633}.Debug|Any CPU.ActiveCfg = Debug|Any CPU
		{28EAB524-9143-4D51-942E-A29E09A7C633}.Debug|Any CPU.Build.0 = Debug|Any CPU
		{28EAB524-9143-4D51-942E-A29E09A7C633}.Release|Any CPU.ActiveCfg = Release|Any CPU
		{28EAB524-9143-4D51-942E-A29E09A7C633}.Release|Any CPU.Build.0 = Release|Any CPU
	EndGlobalSection
	GlobalSection(SolutionProperties) = preSolution
		HideSolutionNode = FALSE
	EndGlobalSection
	GlobalSection(ExtensibilityGlobals) = postSolution
		SolutionGuid = {33E0AE56-4F70-46F5-91DD-56F28D289A92}
	EndGlobalSection
EndGlobal
